// !$*UTF8*$!
{
	archiveVersion = 1;
	classes = {
	};
	objectVersion = 50;
	objects = {

/* Begin PBXBuildFile section */
		9CD3C87C2221F88600E14EAD /* AppDelegate.swift in Sources */ = {isa = PBXBuildFile; fileRef = 9CD3C87B2221F88600E14EAD /* AppDelegate.swift */; };
		9CD3C8832221F88700E14EAD /* Assets.xcassets in Resources */ = {isa = PBXBuildFile; fileRef = 9CD3C8822221F88700E14EAD /* Assets.xcassets */; };
		9CD3C8862221F88700E14EAD /* LaunchScreen.storyboard in Resources */ = {isa = PBXBuildFile; fileRef = 9CD3C8842221F88700E14EAD /* LaunchScreen.storyboard */; };
		9CD3C8912221F88700E14EAD /* MarsPhotoCatcherTests.swift in Sources */ = {isa = PBXBuildFile; fileRef = 9CD3C8902221F88700E14EAD /* MarsPhotoCatcherTests.swift */; };
		9CD3C89C2221F88700E14EAD /* MarsPhotoCatcherUITests.swift in Sources */ = {isa = PBXBuildFile; fileRef = 9CD3C89B2221F88700E14EAD /* MarsPhotoCatcherUITests.swift */; };
		9CD3C8AC2221F91500E14EAD /* BaseButton.swift in Sources */ = {isa = PBXBuildFile; fileRef = 9CD3C8AB2221F91500E14EAD /* BaseButton.swift */; };
		9CD3C8AE2221F93500E14EAD /* BaseLabel.swift in Sources */ = {isa = PBXBuildFile; fileRef = 9CD3C8AD2221F93500E14EAD /* BaseLabel.swift */; };
		9CD3C8B12221F97600E14EAD /* UIColor.swift in Sources */ = {isa = PBXBuildFile; fileRef = 9CD3C8B02221F97600E14EAD /* UIColor.swift */; };
		9CD3C8B32221F99700E14EAD /* UIFont.swift in Sources */ = {isa = PBXBuildFile; fileRef = 9CD3C8B22221F99700E14EAD /* UIFont.swift */; };
		9CD3C8B52221F9C100E14EAD /* UIKit.swift in Sources */ = {isa = PBXBuildFile; fileRef = 9CD3C8B42221F9C100E14EAD /* UIKit.swift */; };
		9CD3C8B82221FA1400E14EAD /* MarsPhoto.swift in Sources */ = {isa = PBXBuildFile; fileRef = 9CD3C8B72221FA1400E14EAD /* MarsPhoto.swift */; };
		9CD3C8BB2221FAA800E14EAD /* MarsPhotoCell.swift in Sources */ = {isa = PBXBuildFile; fileRef = 9CD3C8BA2221FAA800E14EAD /* MarsPhotoCell.swift */; };
		9CD3C8BE2221FB2B00E14EAD /* RoverChoiceViewController.swift in Sources */ = {isa = PBXBuildFile; fileRef = 9CD3C8BD2221FB2B00E14EAD /* RoverChoiceViewController.swift */; };
		9CD3C8C02221FBB200E14EAD /* DateChoiceViewController.swift in Sources */ = {isa = PBXBuildFile; fileRef = 9CD3C8BF2221FBB200E14EAD /* DateChoiceViewController.swift */; };
		9CD3C8C22221FBEC00E14EAD /* MarsPhotoViewContoller.swift in Sources */ = {isa = PBXBuildFile; fileRef = 9CD3C8C12221FBEC00E14EAD /* MarsPhotoViewContoller.swift */; };
/* End PBXBuildFile section */

/* Begin PBXContainerItemProxy section */
		9CD3C88D2221F88700E14EAD /* PBXContainerItemProxy */ = {
			isa = PBXContainerItemProxy;
			containerPortal = 9CD3C8702221F88600E14EAD /* Project object */;
			proxyType = 1;
			remoteGlobalIDString = 9CD3C8772221F88600E14EAD;
			remoteInfo = MarsPhotoCatcher;
		};
		9CD3C8982221F88700E14EAD /* PBXContainerItemProxy */ = {
			isa = PBXContainerItemProxy;
			containerPortal = 9CD3C8702221F88600E14EAD /* Project object */;
			proxyType = 1;
			remoteGlobalIDString = 9CD3C8772221F88600E14EAD;
			remoteInfo = MarsPhotoCatcher;
		};
/* End PBXContainerItemProxy section */

/* Begin PBXFileReference section */
		9CD3C8782221F88600E14EAD /* MarsPhotoCatcher.app */ = {isa = PBXFileReference; explicitFileType = wrapper.application; includeInIndex = 0; path = MarsPhotoCatcher.app; sourceTree = BUILT_PRODUCTS_DIR; };
		9CD3C87B2221F88600E14EAD /* AppDelegate.swift */ = {isa = PBXFileReference; lastKnownFileType = sourcecode.swift; path = AppDelegate.swift; sourceTree = "<group>"; };
		9CD3C8822221F88700E14EAD /* Assets.xcassets */ = {isa = PBXFileReference; lastKnownFileType = folder.assetcatalog; path = Assets.xcassets; sourceTree = "<group>"; };
		9CD3C8852221F88700E14EAD /* Base */ = {isa = PBXFileReference; lastKnownFileType = file.storyboard; name = Base; path = Base.lproj/LaunchScreen.storyboard; sourceTree = "<group>"; };
		9CD3C8872221F88700E14EAD /* Info.plist */ = {isa = PBXFileReference; lastKnownFileType = text.plist.xml; path = Info.plist; sourceTree = "<group>"; };
		9CD3C88C2221F88700E14EAD /* MarsPhotoCatcherTests.xctest */ = {isa = PBXFileReference; explicitFileType = wrapper.cfbundle; includeInIndex = 0; path = MarsPhotoCatcherTests.xctest; sourceTree = BUILT_PRODUCTS_DIR; };
		9CD3C8902221F88700E14EAD /* MarsPhotoCatcherTests.swift */ = {isa = PBXFileReference; lastKnownFileType = sourcecode.swift; path = MarsPhotoCatcherTests.swift; sourceTree = "<group>"; };
		9CD3C8922221F88700E14EAD /* Info.plist */ = {isa = PBXFileReference; lastKnownFileType = text.plist.xml; path = Info.plist; sourceTree = "<group>"; };
		9CD3C8972221F88700E14EAD /* MarsPhotoCatcherUITests.xctest */ = {isa = PBXFileReference; explicitFileType = wrapper.cfbundle; includeInIndex = 0; path = MarsPhotoCatcherUITests.xctest; sourceTree = BUILT_PRODUCTS_DIR; };
		9CD3C89B2221F88700E14EAD /* MarsPhotoCatcherUITests.swift */ = {isa = PBXFileReference; lastKnownFileType = sourcecode.swift; path = MarsPhotoCatcherUITests.swift; sourceTree = "<group>"; };
		9CD3C89D2221F88700E14EAD /* Info.plist */ = {isa = PBXFileReference; lastKnownFileType = text.plist.xml; path = Info.plist; sourceTree = "<group>"; };
		9CD3C8AB2221F91500E14EAD /* BaseButton.swift */ = {isa = PBXFileReference; lastKnownFileType = sourcecode.swift; path = BaseButton.swift; sourceTree = "<group>"; };
		9CD3C8AD2221F93500E14EAD /* BaseLabel.swift */ = {isa = PBXFileReference; lastKnownFileType = sourcecode.swift; path = BaseLabel.swift; sourceTree = "<group>"; };
		9CD3C8B02221F97600E14EAD /* UIColor.swift */ = {isa = PBXFileReference; lastKnownFileType = sourcecode.swift; path = UIColor.swift; sourceTree = "<group>"; };
		9CD3C8B22221F99700E14EAD /* UIFont.swift */ = {isa = PBXFileReference; lastKnownFileType = sourcecode.swift; path = UIFont.swift; sourceTree = "<group>"; };
		9CD3C8B42221F9C100E14EAD /* UIKit.swift */ = {isa = PBXFileReference; lastKnownFileType = sourcecode.swift; path = UIKit.swift; sourceTree = "<group>"; };
		9CD3C8B72221FA1400E14EAD /* MarsPhoto.swift */ = {isa = PBXFileReference; lastKnownFileType = sourcecode.swift; path = MarsPhoto.swift; sourceTree = "<group>"; };
		9CD3C8BA2221FAA800E14EAD /* MarsPhotoCell.swift */ = {isa = PBXFileReference; lastKnownFileType = sourcecode.swift; path = MarsPhotoCell.swift; sourceTree = "<group>"; };
		9CD3C8BD2221FB2B00E14EAD /* RoverChoiceViewController.swift */ = {isa = PBXFileReference; lastKnownFileType = sourcecode.swift; path = RoverChoiceViewController.swift; sourceTree = "<group>"; wrapsLines = 0; };
		9CD3C8BF2221FBB200E14EAD /* DateChoiceViewController.swift */ = {isa = PBXFileReference; lastKnownFileType = sourcecode.swift; path = DateChoiceViewController.swift; sourceTree = "<group>"; };
		9CD3C8C12221FBEC00E14EAD /* MarsPhotoViewContoller.swift */ = {isa = PBXFileReference; lastKnownFileType = sourcecode.swift; path = MarsPhotoViewContoller.swift; sourceTree = "<group>"; };
/* End PBXFileReference section */

/* Begin PBXFrameworksBuildPhase section */
		9CD3C8752221F88600E14EAD /* Frameworks */ = {
			isa = PBXFrameworksBuildPhase;
			buildActionMask = 2147483647;
			files = (
			);
			runOnlyForDeploymentPostprocessing = 0;
		};
		9CD3C8892221F88700E14EAD /* Frameworks */ = {
			isa = PBXFrameworksBuildPhase;
			buildActionMask = 2147483647;
			files = (
			);
			runOnlyForDeploymentPostprocessing = 0;
		};
		9CD3C8942221F88700E14EAD /* Frameworks */ = {
			isa = PBXFrameworksBuildPhase;
			buildActionMask = 2147483647;
			files = (
			);
			runOnlyForDeploymentPostprocessing = 0;
		};
/* End PBXFrameworksBuildPhase section */

/* Begin PBXGroup section */
		9CD3C86F2221F88600E14EAD = {
			isa = PBXGroup;
			children = (
				9CD3C87A2221F88600E14EAD /* MarsPhotoCatcher */,
				9CD3C88F2221F88700E14EAD /* MarsPhotoCatcherTests */,
				9CD3C89A2221F88700E14EAD /* MarsPhotoCatcherUITests */,
				9CD3C8792221F88600E14EAD /* Products */,
			);
			sourceTree = "<group>";
		};
		9CD3C8792221F88600E14EAD /* Products */ = {
			isa = PBXGroup;
			children = (
				9CD3C8782221F88600E14EAD /* MarsPhotoCatcher.app */,
				9CD3C88C2221F88700E14EAD /* MarsPhotoCatcherTests.xctest */,
				9CD3C8972221F88700E14EAD /* MarsPhotoCatcherUITests.xctest */,
			);
			name = Products;
			sourceTree = "<group>";
		};
		9CD3C87A2221F88600E14EAD /* MarsPhotoCatcher */ = {
			isa = PBXGroup;
			children = (
				9CD3C8B62221F9E000E14EAD /* Model */,
				9CD3C8B92221FA7600E14EAD /* View */,
				9CD3C8BC2221FAE400E14EAD /* Controller */,
				9CD3C8AF2221F95000E14EAD /* Core */,
				9CD3C8AA2221F8FB00E14EAD /* Base */,
				9CD3C8A92221F8A300E14EAD /* SupportingFiles */,
				9CD3C8872221F88700E14EAD /* Info.plist */,
			);
			path = MarsPhotoCatcher;
			sourceTree = "<group>";
		};
		9CD3C88F2221F88700E14EAD /* MarsPhotoCatcherTests */ = {
			isa = PBXGroup;
			children = (
				9CD3C8902221F88700E14EAD /* MarsPhotoCatcherTests.swift */,
				9CD3C8922221F88700E14EAD /* Info.plist */,
			);
			path = MarsPhotoCatcherTests;
			sourceTree = "<group>";
		};
		9CD3C89A2221F88700E14EAD /* MarsPhotoCatcherUITests */ = {
			isa = PBXGroup;
			children = (
				9CD3C89B2221F88700E14EAD /* MarsPhotoCatcherUITests.swift */,
				9CD3C89D2221F88700E14EAD /* Info.plist */,
			);
			path = MarsPhotoCatcherUITests;
			sourceTree = "<group>";
		};
		9CD3C8A92221F8A300E14EAD /* SupportingFiles */ = {
			isa = PBXGroup;
			children = (
				9CD3C8822221F88700E14EAD /* Assets.xcassets */,
				9CD3C8842221F88700E14EAD /* LaunchScreen.storyboard */,
				9CD3C87B2221F88600E14EAD /* AppDelegate.swift */,
			);
			path = SupportingFiles;
			sourceTree = "<group>";
		};
		9CD3C8AA2221F8FB00E14EAD /* Base */ = {
			isa = PBXGroup;
			children = (
				9CD3C8AB2221F91500E14EAD /* BaseButton.swift */,
				9CD3C8AD2221F93500E14EAD /* BaseLabel.swift */,
			);
			path = Base;
			sourceTree = "<group>";
		};
		9CD3C8AF2221F95000E14EAD /* Core */ = {
			isa = PBXGroup;
			children = (
				9CD3C8B02221F97600E14EAD /* UIColor.swift */,
				9CD3C8B22221F99700E14EAD /* UIFont.swift */,
				9CD3C8B42221F9C100E14EAD /* UIKit.swift */,
			);
			path = Core;
			sourceTree = "<group>";
		};
		9CD3C8B62221F9E000E14EAD /* Model */ = {
			isa = PBXGroup;
			children = (
				9CD3C8B72221FA1400E14EAD /* MarsPhoto.swift */,
			);
			path = Model;
			sourceTree = "<group>";
		};
		9CD3C8B92221FA7600E14EAD /* View */ = {
			isa = PBXGroup;
			children = (
				9CD3C8BA2221FAA800E14EAD /* MarsPhotoCell.swift */,
			);
			path = View;
			sourceTree = "<group>";
		};
		9CD3C8BC2221FAE400E14EAD /* Controller */ = {
			isa = PBXGroup;
			children = (
				9CD3C8BD2221FB2B00E14EAD /* RoverChoiceViewController.swift */,
				9CD3C8BF2221FBB200E14EAD /* DateChoiceViewController.swift */,
				9CD3C8C12221FBEC00E14EAD /* MarsPhotoViewContoller.swift */,
			);
			path = Controller;
			sourceTree = "<group>";
		};
/* End PBXGroup section */

/* Begin PBXNativeTarget section */
		9CD3C8772221F88600E14EAD /* MarsPhotoCatcher */ = {
			isa = PBXNativeTarget;
			buildConfigurationList = 9CD3C8A02221F88700E14EAD /* Build configuration list for PBXNativeTarget "MarsPhotoCatcher" */;
			buildPhases = (
				9CD3C8742221F88600E14EAD /* Sources */,
				9CD3C8752221F88600E14EAD /* Frameworks */,
				9CD3C8762221F88600E14EAD /* Resources */,
			);
			buildRules = (
			);
			dependencies = (
			);
			name = MarsPhotoCatcher;
			productName = MarsPhotoCatcher;
			productReference = 9CD3C8782221F88600E14EAD /* MarsPhotoCatcher.app */;
			productType = "com.apple.product-type.application";
		};
		9CD3C88B2221F88700E14EAD /* MarsPhotoCatcherTests */ = {
			isa = PBXNativeTarget;
			buildConfigurationList = 9CD3C8A32221F88700E14EAD /* Build configuration list for PBXNativeTarget "MarsPhotoCatcherTests" */;
			buildPhases = (
				9CD3C8882221F88700E14EAD /* Sources */,
				9CD3C8892221F88700E14EAD /* Frameworks */,
				9CD3C88A2221F88700E14EAD /* Resources */,
			);
			buildRules = (
			);
			dependencies = (
				9CD3C88E2221F88700E14EAD /* PBXTargetDependency */,
			);
			name = MarsPhotoCatcherTests;
			productName = MarsPhotoCatcherTests;
			productReference = 9CD3C88C2221F88700E14EAD /* MarsPhotoCatcherTests.xctest */;
			productType = "com.apple.product-type.bundle.unit-test";
		};
		9CD3C8962221F88700E14EAD /* MarsPhotoCatcherUITests */ = {
			isa = PBXNativeTarget;
			buildConfigurationList = 9CD3C8A62221F88700E14EAD /* Build configuration list for PBXNativeTarget "MarsPhotoCatcherUITests" */;
			buildPhases = (
				9CD3C8932221F88700E14EAD /* Sources */,
				9CD3C8942221F88700E14EAD /* Frameworks */,
				9CD3C8952221F88700E14EAD /* Resources */,
			);
			buildRules = (
			);
			dependencies = (
				9CD3C8992221F88700E14EAD /* PBXTargetDependency */,
			);
			name = MarsPhotoCatcherUITests;
			productName = MarsPhotoCatcherUITests;
			productReference = 9CD3C8972221F88700E14EAD /* MarsPhotoCatcherUITests.xctest */;
			productType = "com.apple.product-type.bundle.ui-testing";
		};
/* End PBXNativeTarget section */

/* Begin PBXProject section */
		9CD3C8702221F88600E14EAD /* Project object */ = {
			isa = PBXProject;
			attributes = {
				LastSwiftUpdateCheck = 1010;
				LastUpgradeCheck = 1010;
				ORGANIZATIONNAME = "Han Dole Kim";
				TargetAttributes = {
					9CD3C8772221F88600E14EAD = {
						CreatedOnToolsVersion = 10.1;
					};
					9CD3C88B2221F88700E14EAD = {
						CreatedOnToolsVersion = 10.1;
						TestTargetID = 9CD3C8772221F88600E14EAD;
					};
					9CD3C8962221F88700E14EAD = {
						CreatedOnToolsVersion = 10.1;
						TestTargetID = 9CD3C8772221F88600E14EAD;
					};
				};
			};
			buildConfigurationList = 9CD3C8732221F88600E14EAD /* Build configuration list for PBXProject "MarsPhotoCatcher" */;
			compatibilityVersion = "Xcode 9.3";
			developmentRegion = en;
			hasScannedForEncodings = 0;
			knownRegions = (
				en,
				Base,
			);
			mainGroup = 9CD3C86F2221F88600E14EAD;
			productRefGroup = 9CD3C8792221F88600E14EAD /* Products */;
			projectDirPath = "";
			projectRoot = "";
			targets = (
				9CD3C8772221F88600E14EAD /* MarsPhotoCatcher */,
				9CD3C88B2221F88700E14EAD /* MarsPhotoCatcherTests */,
				9CD3C8962221F88700E14EAD /* MarsPhotoCatcherUITests */,
			);
		};
/* End PBXProject section */

/* Begin PBXResourcesBuildPhase section */
		9CD3C8762221F88600E14EAD /* Resources */ = {
			isa = PBXResourcesBuildPhase;
			buildActionMask = 2147483647;
			files = (
				9CD3C8862221F88700E14EAD /* LaunchScreen.storyboard in Resources */,
				9CD3C8832221F88700E14EAD /* Assets.xcassets in Resources */,
			);
			runOnlyForDeploymentPostprocessing = 0;
		};
		9CD3C88A2221F88700E14EAD /* Resources */ = {
			isa = PBXResourcesBuildPhase;
			buildActionMask = 2147483647;
			files = (
			);
			runOnlyForDeploymentPostprocessing = 0;
		};
		9CD3C8952221F88700E14EAD /* Resources */ = {
			isa = PBXResourcesBuildPhase;
			buildActionMask = 2147483647;
			files = (
			);
			runOnlyForDeploymentPostprocessing = 0;
		};
/* End PBXResourcesBuildPhase section */

/* Begin PBXSourcesBuildPhase section */
		9CD3C8742221F88600E14EAD /* Sources */ = {
			isa = PBXSourcesBuildPhase;
			buildActionMask = 2147483647;
			files = (
				9CD3C8AE2221F93500E14EAD /* BaseLabel.swift in Sources */,
				9CD3C8BB2221FAA800E14EAD /* MarsPhotoCell.swift in Sources */,
				9CD3C8B32221F99700E14EAD /* UIFont.swift in Sources */,
				9CD3C8AC2221F91500E14EAD /* BaseButton.swift in Sources */,
				9CD3C8B52221F9C100E14EAD /* UIKit.swift in Sources */,
				9CD3C8BE2221FB2B00E14EAD /* RoverChoiceViewController.swift in Sources */,
				9CD3C8C22221FBEC00E14EAD /* MarsPhotoViewContoller.swift in Sources */,
				9CD3C87C2221F88600E14EAD /* AppDelegate.swift in Sources */,
				9CD3C8B12221F97600E14EAD /* UIColor.swift in Sources */,
				9CD3C8B82221FA1400E14EAD /* MarsPhoto.swift in Sources */,
				9CD3C8C02221FBB200E14EAD /* DateChoiceViewController.swift in Sources */,
			);
			runOnlyForDeploymentPostprocessing = 0;
		};
		9CD3C8882221F88700E14EAD /* Sources */ = {
			isa = PBXSourcesBuildPhase;
			buildActionMask = 2147483647;
			files = (
				9CD3C8912221F88700E14EAD /* MarsPhotoCatcherTests.swift in Sources */,
			);
			runOnlyForDeploymentPostprocessing = 0;
		};
		9CD3C8932221F88700E14EAD /* Sources */ = {
			isa = PBXSourcesBuildPhase;
			buildActionMask = 2147483647;
			files = (
				9CD3C89C2221F88700E14EAD /* MarsPhotoCatcherUITests.swift in Sources */,
			);
			runOnlyForDeploymentPostprocessing = 0;
		};
/* End PBXSourcesBuildPhase section */

/* Begin PBXTargetDependency section */
		9CD3C88E2221F88700E14EAD /* PBXTargetDependency */ = {
			isa = PBXTargetDependency;
			target = 9CD3C8772221F88600E14EAD /* MarsPhotoCatcher */;
			targetProxy = 9CD3C88D2221F88700E14EAD /* PBXContainerItemProxy */;
		};
		9CD3C8992221F88700E14EAD /* PBXTargetDependency */ = {
			isa = PBXTargetDependency;
			target = 9CD3C8772221F88600E14EAD /* MarsPhotoCatcher */;
			targetProxy = 9CD3C8982221F88700E14EAD /* PBXContainerItemProxy */;
		};
/* End PBXTargetDependency section */

/* Begin PBXVariantGroup section */
		9CD3C8842221F88700E14EAD /* LaunchScreen.storyboard */ = {
			isa = PBXVariantGroup;
			children = (
				9CD3C8852221F88700E14EAD /* Base */,
			);
			name = LaunchScreen.storyboard;
			sourceTree = "<group>";
		};
/* End PBXVariantGroup section */

/* Begin XCBuildConfiguration section */
		9CD3C89E2221F88700E14EAD /* Debug */ = {
			isa = XCBuildConfiguration;
			buildSettings = {
				ALWAYS_SEARCH_USER_PATHS = NO;
				CLANG_ANALYZER_NONNULL = YES;
				CLANG_ANALYZER_NUMBER_OBJECT_CONVERSION = YES_AGGRESSIVE;
				CLANG_CXX_LANGUAGE_STANDARD = "gnu++14";
				CLANG_CXX_LIBRARY = "libc++";
				CLANG_ENABLE_MODULES = YES;
				CLANG_ENABLE_OBJC_ARC = YES;
				CLANG_ENABLE_OBJC_WEAK = YES;
				CLANG_WARN_BLOCK_CAPTURE_AUTORELEASING = YES;
				CLANG_WARN_BOOL_CONVERSION = YES;
				CLANG_WARN_COMMA = YES;
				CLANG_WARN_CONSTANT_CONVERSION = YES;
				CLANG_WARN_DEPRECATED_OBJC_IMPLEMENTATIONS = YES;
				CLANG_WARN_DIRECT_OBJC_ISA_USAGE = YES_ERROR;
				CLANG_WARN_DOCUMENTATION_COMMENTS = YES;
				CLANG_WARN_EMPTY_BODY = YES;
				CLANG_WARN_ENUM_CONVERSION = YES;
				CLANG_WARN_INFINITE_RECURSION = YES;
				CLANG_WARN_INT_CONVERSION = YES;
				CLANG_WARN_NON_LITERAL_NULL_CONVERSION = YES;
				CLANG_WARN_OBJC_IMPLICIT_RETAIN_SELF = YES;
				CLANG_WARN_OBJC_LITERAL_CONVERSION = YES;
				CLANG_WARN_OBJC_ROOT_CLASS = YES_ERROR;
				CLANG_WARN_RANGE_LOOP_ANALYSIS = YES;
				CLANG_WARN_STRICT_PROTOTYPES = YES;
				CLANG_WARN_SUSPICIOUS_MOVE = YES;
				CLANG_WARN_UNGUARDED_AVAILABILITY = YES_AGGRESSIVE;
				CLANG_WARN_UNREACHABLE_CODE = YES;
				CLANG_WARN__DUPLICATE_METHOD_MATCH = YES;
				CODE_SIGN_IDENTITY = "iPhone Developer";
				COPY_PHASE_STRIP = NO;
				DEBUG_INFORMATION_FORMAT = dwarf;
				ENABLE_STRICT_OBJC_MSGSEND = YES;
				ENABLE_TESTABILITY = YES;
				GCC_C_LANGUAGE_STANDARD = gnu11;
				GCC_DYNAMIC_NO_PIC = NO;
				GCC_NO_COMMON_BLOCKS = YES;
				GCC_OPTIMIZATION_LEVEL = 0;
				GCC_PREPROCESSOR_DEFINITIONS = (
					"DEBUG=1",
					"$(inherited)",
				);
				GCC_WARN_64_TO_32_BIT_CONVERSION = YES;
				GCC_WARN_ABOUT_RETURN_TYPE = YES_ERROR;
				GCC_WARN_UNDECLARED_SELECTOR = YES;
				GCC_WARN_UNINITIALIZED_AUTOS = YES_AGGRESSIVE;
				GCC_WARN_UNUSED_FUNCTION = YES;
				GCC_WARN_UNUSED_VARIABLE = YES;
				IPHONEOS_DEPLOYMENT_TARGET = 12.1;
				MTL_ENABLE_DEBUG_INFO = INCLUDE_SOURCE;
				MTL_FAST_MATH = YES;
				ONLY_ACTIVE_ARCH = YES;
				SDKROOT = iphoneos;
				SWIFT_ACTIVE_COMPILATION_CONDITIONS = DEBUG;
				SWIFT_OPTIMIZATION_LEVEL = "-Onone";
			};
			name = Debug;
		};
		9CD3C89F2221F88700E14EAD /* Release */ = {
			isa = XCBuildConfiguration;
			buildSettings = {
				ALWAYS_SEARCH_USER_PATHS = NO;
				CLANG_ANALYZER_NONNULL = YES;
				CLANG_ANALYZER_NUMBER_OBJECT_CONVERSION = YES_AGGRESSIVE;
				CLANG_CXX_LANGUAGE_STANDARD = "gnu++14";
				CLANG_CXX_LIBRARY = "libc++";
				CLANG_ENABLE_MODULES = YES;
				CLANG_ENABLE_OBJC_ARC = YES;
				CLANG_ENABLE_OBJC_WEAK = YES;
				CLANG_WARN_BLOCK_CAPTURE_AUTORELEASING = YES;
				CLANG_WARN_BOOL_CONVERSION = YES;
				CLANG_WARN_COMMA = YES;
				CLANG_WARN_CONSTANT_CONVERSION = YES;
				CLANG_WARN_DEPRECATED_OBJC_IMPLEMENTATIONS = YES;
				CLANG_WARN_DIRECT_OBJC_ISA_USAGE = YES_ERROR;
				CLANG_WARN_DOCUMENTATION_COMMENTS = YES;
				CLANG_WARN_EMPTY_BODY = YES;
				CLANG_WARN_ENUM_CONVERSION = YES;
				CLANG_WARN_INFINITE_RECURSION = YES;
				CLANG_WARN_INT_CONVERSION = YES;
				CLANG_WARN_NON_LITERAL_NULL_CONVERSION = YES;
				CLANG_WARN_OBJC_IMPLICIT_RETAIN_SELF = YES;
				CLANG_WARN_OBJC_LITERAL_CONVERSION = YES;
				CLANG_WARN_OBJC_ROOT_CLASS = YES_ERROR;
				CLANG_WARN_RANGE_LOOP_ANALYSIS = YES;
				CLANG_WARN_STRICT_PROTOTYPES = YES;
				CLANG_WARN_SUSPICIOUS_MOVE = YES;
				CLANG_WARN_UNGUARDED_AVAILABILITY = YES_AGGRESSIVE;
				CLANG_WARN_UNREACHABLE_CODE = YES;
				CLANG_WARN__DUPLICATE_METHOD_MATCH = YES;
				CODE_SIGN_IDENTITY = "iPhone Developer";
				COPY_PHASE_STRIP = NO;
				DEBUG_INFORMATION_FORMAT = "dwarf-with-dsym";
				ENABLE_NS_ASSERTIONS = NO;
				ENABLE_STRICT_OBJC_MSGSEND = YES;
				GCC_C_LANGUAGE_STANDARD = gnu11;
				GCC_NO_COMMON_BLOCKS = YES;
				GCC_WARN_64_TO_32_BIT_CONVERSION = YES;
				GCC_WARN_ABOUT_RETURN_TYPE = YES_ERROR;
				GCC_WARN_UNDECLARED_SELECTOR = YES;
				GCC_WARN_UNINITIALIZED_AUTOS = YES_AGGRESSIVE;
				GCC_WARN_UNUSED_FUNCTION = YES;
				GCC_WARN_UNUSED_VARIABLE = YES;
				IPHONEOS_DEPLOYMENT_TARGET = 12.1;
				MTL_ENABLE_DEBUG_INFO = NO;
				MTL_FAST_MATH = YES;
				SDKROOT = iphoneos;
				SWIFT_COMPILATION_MODE = wholemodule;
				SWIFT_OPTIMIZATION_LEVEL = "-O";
				VALIDATE_PRODUCT = YES;
			};
			name = Release;
		};
		9CD3C8A12221F88700E14EAD /* Debug */ = {
			isa = XCBuildConfiguration;
			buildSettings = {
				ASSETCATALOG_COMPILER_APPICON_NAME = AppIcon;
				CODE_SIGN_STYLE = Automatic;
				DEVELOPMENT_TEAM = NKPN888JDA;
				INFOPLIST_FILE = MarsPhotoCatcher/Info.plist;
				LD_RUNPATH_SEARCH_PATHS = (
					"$(inherited)",
					"@executable_path/Frameworks",
				);
				PRODUCT_BUNDLE_IDENTIFIER = com.handolekim.MarsPhotoCatcher;
				PRODUCT_NAME = "$(TARGET_NAME)";
				SWIFT_VERSION = 4.2;
				TARGETED_DEVICE_FAMILY = "1,2";
			};
			name = Debug;
		};
		9CD3C8A22221F88700E14EAD /* Release */ = {
			isa = XCBuildConfiguration;
			buildSettings = {
				ASSETCATALOG_COMPILER_APPICON_NAME = AppIcon;
				CODE_SIGN_STYLE = Automatic;
				DEVELOPMENT_TEAM = NKPN888JDA;
				INFOPLIST_FILE = MarsPhotoCatcher/Info.plist;
				LD_RUNPATH_SEARCH_PATHS = (
					"$(inherited)",
					"@executable_path/Frameworks",
				);
				PRODUCT_BUNDLE_IDENTIFIER = com.handolekim.MarsPhotoCatcher;
				PRODUCT_NAME = "$(TARGET_NAME)";
				SWIFT_VERSION = 4.2;
				TARGETED_DEVICE_FAMILY = "1,2";
			};
			name = Release;
		};
		9CD3C8A42221F88700E14EAD /* Debug */ = {
			isa = XCBuildConfiguration;
			buildSettings = {
				ALWAYS_EMBED_SWIFT_STANDARD_LIBRARIES = YES;
				BUNDLE_LOADER = "$(TEST_HOST)";
				CODE_SIGN_STYLE = Automatic;
				DEVELOPMENT_TEAM = NKPN888JDA;
				INFOPLIST_FILE = MarsPhotoCatcherTests/Info.plist;
				LD_RUNPATH_SEARCH_PATHS = (
					"$(inherited)",
					"@executable_path/Frameworks",
					"@loader_path/Frameworks",
				);
				PRODUCT_BUNDLE_IDENTIFIER = com.handolekim.MarsPhotoCatcherTests;
				PRODUCT_NAME = "$(TARGET_NAME)";
				SWIFT_VERSION = 4.2;
				TARGETED_DEVICE_FAMILY = "1,2";
				TEST_HOST = "$(BUILT_PRODUCTS_DIR)/MarsPhotoCatcher.app/MarsPhotoCatcher";
			};
			name = Debug;
		};
		9CD3C8A52221F88700E14EAD /* Release */ = {
			isa = XCBuildConfiguration;
			buildSettings = {
				ALWAYS_EMBED_SWIFT_STANDARD_LIBRARIES = YES;
				BUNDLE_LOADER = "$(TEST_HOST)";
				CODE_SIGN_STYLE = Automatic;
				DEVELOPMENT_TEAM = NKPN888JDA;
				INFOPLIST_FILE = MarsPhotoCatcherTests/Info.plist;
				LD_RUNPATH_SEARCH_PATHS = (
					"$(inherited)",
					"@executable_path/Frameworks",
					"@loader_path/Frameworks",
				);
				PRODUCT_BUNDLE_IDENTIFIER = com.handolekim.MarsPhotoCatcherTests;
				PRODUCT_NAME = "$(TARGET_NAME)";
				SWIFT_VERSION = 4.2;
				TARGETED_DEVICE_FAMILY = "1,2";
				TEST_HOST = "$(BUILT_PRODUCTS_DIR)/MarsPhotoCatcher.app/MarsPhotoCatcher";
			};
			name = Release;
		};
		9CD3C8A72221F88700E14EAD /* Debug */ = {
			isa = XCBuildConfiguration;
			buildSettings = {
				ALWAYS_EMBED_SWIFT_STANDARD_LIBRARIES = YES;
				CODE_SIGN_STYLE = Automatic;
				DEVELOPMENT_TEAM = NKPN888JDA;
				INFOPLIST_FILE = MarsPhotoCatcherUITests/Info.plist;
				LD_RUNPATH_SEARCH_PATHS = (
					"$(inherited)",
					"@executable_path/Frameworks",
					"@loader_path/Frameworks",
				);
				PRODUCT_BUNDLE_IDENTIFIER = com.handolekim.MarsPhotoCatcherUITests;
				PRODUCT_NAME = "$(TARGET_NAME)";
				SWIFT_VERSION = 4.2;
				TARGETED_DEVICE_FAMILY = "1,2";
				TEST_TARGET_NAME = MarsPhotoCatcher;
			};
			name = Debug;
		};
		9CD3C8A82221F88700E14EAD /* Release */ = {
			isa = XCBuildConfiguration;
			buildSettings = {
				ALWAYS_EMBED_SWIFT_STANDARD_LIBRARIES = YES;
				CODE_SIGN_STYLE = Automatic;
				DEVELOPMENT_TEAM = NKPN888JDA;
				INFOPLIST_FILE = MarsPhotoCatcherUITests/Info.plist;
				LD_RUNPATH_SEARCH_PATHS = (
					"$(inherited)",
					"@executable_path/Frameworks",
					"@loader_path/Frameworks",
				);
				PRODUCT_BUNDLE_IDENTIFIER = com.handolekim.MarsPhotoCatcherUITests;
				PRODUCT_NAME = "$(TARGET_NAME)";
				SWIFT_VERSION = 4.2;
				TARGETED_DEVICE_FAMILY = "1,2";
				TEST_TARGET_NAME = MarsPhotoCatcher;
			};
			name = Release;
		};
/* End XCBuildConfiguration section */

/* Begin XCConfigurationList section */
		9CD3C8732221F88600E14EAD /* Build configuration list for PBXProject "MarsPhotoCatcher" */ = {
			isa = XCConfigurationList;
			buildConfigurations = (
				9CD3C89E2221F88700E14EAD /* Debug */,
				9CD3C89F2221F88700E14EAD /* Release */,
			);
			defaultConfigurationIsVisible = 0;
			defaultConfigurationName = Release;
		};
		9CD3C8A02221F88700E14EAD /* Build configuration list for PBXNativeTarget "MarsPhotoCatcher" */ = {
			isa = XCConfigurationList;
			buildConfigurations = (
				9CD3C8A12221F88700E14EAD /* Debug */,
				9CD3C8A22221F88700E14EAD /* Release */,
			);
			defaultConfigurationIsVisible = 0;
			defaultConfigurationName = Release;
		};
		9CD3C8A32221F88700E14EAD /* Build configuration list for PBXNativeTarget "MarsPhotoCatcherTests" */ = {
			isa = XCConfigurationList;
			buildConfigurations = (
				9CD3C8A42221F88700E14EAD /* Debug */,
				9CD3C8A52221F88700E14EAD /* Release */,
			);
			defaultConfigurationIsVisible = 0;
			defaultConfigurationName = Release;
		};
		9CD3C8A62221F88700E14EAD /* Build configuration list for PBXNativeTarget "MarsPhotoCatcherUITests" */ = {
			isa = XCConfigurationList;
			buildConfigurations = (
				9CD3C8A72221F88700E14EAD /* Debug */,
				9CD3C8A82221F88700E14EAD /* Release */,
			);
			defaultConfigurationIsVisible = 0;
			defaultConfigurationName = Release;
		};
/* End XCConfigurationList section */
	};
	rootObject = 9CD3C8702221F88600E14EAD /* Project object */;
}
